// !$*UTF8*$!
{
	archiveVersion = 1;
	classes = {
	};
	objectVersion = 46;
	objects = {

/* Begin PBXBuildFile section */
		10C21A61191566AE88ECB57A /* Pods_NSDashboardUITests.framework in Frameworks */ = {isa = PBXBuildFile; fileRef = C1BED3FB47903B220BC5E81C /* Pods_NSDashboardUITests.framework */; };
		54E2E496EFE4E3D6E592D036 /* Pods_NSDashboard.framework in Frameworks */ = {isa = PBXBuildFile; fileRef = 5D21E5C8189AD13E8A7DF411 /* Pods_NSDashboard.framework */; };
		5B490C361E520EB000EACF13 /* AppDelegate.swift in Sources */ = {isa = PBXBuildFile; fileRef = 5B490C351E520EB000EACF13 /* AppDelegate.swift */; };
		5B490C381E520EB000EACF13 /* ViewController.swift in Sources */ = {isa = PBXBuildFile; fileRef = 5B490C371E520EB000EACF13 /* ViewController.swift */; };
		5B490C3B1E520EB000EACF13 /* Main.storyboard in Resources */ = {isa = PBXBuildFile; fileRef = 5B490C391E520EB000EACF13 /* Main.storyboard */; };
		5B490C3D1E520EB000EACF13 /* Assets.xcassets in Resources */ = {isa = PBXBuildFile; fileRef = 5B490C3C1E520EB000EACF13 /* Assets.xcassets */; };
		5B490C401E520EB000EACF13 /* LaunchScreen.storyboard in Resources */ = {isa = PBXBuildFile; fileRef = 5B490C3E1E520EB000EACF13 /* LaunchScreen.storyboard */; };
		5B490C4B1E520EB000EACF13 /* NSDashboardTests.swift in Sources */ = {isa = PBXBuildFile; fileRef = 5B490C4A1E520EB000EACF13 /* NSDashboardTests.swift */; };
		5B490C561E520EB000EACF13 /* NSDashboardUITests.swift in Sources */ = {isa = PBXBuildFile; fileRef = 5B490C551E520EB000EACF13 /* NSDashboardUITests.swift */; };
		5B490C641E52147600EACF13 /* GoogleService-Info.plist in Resources */ = {isa = PBXBuildFile; fileRef = 5B490C631E52147600EACF13 /* GoogleService-Info.plist */; };
		5B490C651E52147600EACF13 /* GoogleService-Info.plist in Resources */ = {isa = PBXBuildFile; fileRef = 5B490C631E52147600EACF13 /* GoogleService-Info.plist */; };
		5B490C661E52147600EACF13 /* GoogleService-Info.plist in Resources */ = {isa = PBXBuildFile; fileRef = 5B490C631E52147600EACF13 /* GoogleService-Info.plist */; };
		6D9E46926F2EA51B88394728 /* Pods_NSDashboardTests.framework in Frameworks */ = {isa = PBXBuildFile; fileRef = 958C2F3DEB74CCACDE689D71 /* Pods_NSDashboardTests.framework */; };
/* End PBXBuildFile section */

/* Begin PBXContainerItemProxy section */
		5B490C471E520EB000EACF13 /* PBXContainerItemProxy */ = {
			isa = PBXContainerItemProxy;
			containerPortal = 5B490C2A1E520EB000EACF13 /* Project object */;
			proxyType = 1;
			remoteGlobalIDString = 5B490C311E520EB000EACF13;
			remoteInfo = NSDashboard;
		};
		5B490C521E520EB000EACF13 /* PBXContainerItemProxy */ = {
			isa = PBXContainerItemProxy;
			containerPortal = 5B490C2A1E520EB000EACF13 /* Project object */;
			proxyType = 1;
			remoteGlobalIDString = 5B490C311E520EB000EACF13;
			remoteInfo = NSDashboard;
		};
/* End PBXContainerItemProxy section */

/* Begin PBXFileReference section */
		0C50246C376018E22524E242 /* Pods-NSDashboard.release.xcconfig */ = {isa = PBXFileReference; includeInIndex = 1; lastKnownFileType = text.xcconfig; name = "Pods-NSDashboard.release.xcconfig"; path = "Pods/Target Support Files/Pods-NSDashboard/Pods-NSDashboard.release.xcconfig"; sourceTree = "<group>"; };
		2CCA9C9E1B4925B7C1BF7DAA /* Pods-NSDashboard.debug.xcconfig */ = {isa = PBXFileReference; includeInIndex = 1; lastKnownFileType = text.xcconfig; name = "Pods-NSDashboard.debug.xcconfig"; path = "Pods/Target Support Files/Pods-NSDashboard/Pods-NSDashboard.debug.xcconfig"; sourceTree = "<group>"; };
		5B490C321E520EB000EACF13 /* NSDashboard.app */ = {isa = PBXFileReference; explicitFileType = wrapper.application; includeInIndex = 0; path = NSDashboard.app; sourceTree = BUILT_PRODUCTS_DIR; };
		5B490C351E520EB000EACF13 /* AppDelegate.swift */ = {isa = PBXFileReference; lastKnownFileType = sourcecode.swift; path = AppDelegate.swift; sourceTree = "<group>"; };
		5B490C371E520EB000EACF13 /* ViewController.swift */ = {isa = PBXFileReference; lastKnownFileType = sourcecode.swift; path = ViewController.swift; sourceTree = "<group>"; };
		5B490C3A1E520EB000EACF13 /* Base */ = {isa = PBXFileReference; lastKnownFileType = file.storyboard; name = Base; path = Base.lproj/Main.storyboard; sourceTree = "<group>"; };
		5B490C3C1E520EB000EACF13 /* Assets.xcassets */ = {isa = PBXFileReference; lastKnownFileType = folder.assetcatalog; path = Assets.xcassets; sourceTree = "<group>"; };
		5B490C3F1E520EB000EACF13 /* Base */ = {isa = PBXFileReference; lastKnownFileType = file.storyboard; name = Base; path = Base.lproj/LaunchScreen.storyboard; sourceTree = "<group>"; };
		5B490C411E520EB000EACF13 /* Info.plist */ = {isa = PBXFileReference; lastKnownFileType = text.plist.xml; path = Info.plist; sourceTree = "<group>"; };
		5B490C461E520EB000EACF13 /* NSDashboardTests.xctest */ = {isa = PBXFileReference; explicitFileType = wrapper.cfbundle; includeInIndex = 0; path = NSDashboardTests.xctest; sourceTree = BUILT_PRODUCTS_DIR; };
		5B490C4A1E520EB000EACF13 /* NSDashboardTests.swift */ = {isa = PBXFileReference; lastKnownFileType = sourcecode.swift; path = NSDashboardTests.swift; sourceTree = "<group>"; };
		5B490C4C1E520EB000EACF13 /* Info.plist */ = {isa = PBXFileReference; lastKnownFileType = text.plist.xml; path = Info.plist; sourceTree = "<group>"; };
		5B490C511E520EB000EACF13 /* NSDashboardUITests.xctest */ = {isa = PBXFileReference; explicitFileType = wrapper.cfbundle; includeInIndex = 0; path = NSDashboardUITests.xctest; sourceTree = BUILT_PRODUCTS_DIR; };
		5B490C551E520EB000EACF13 /* NSDashboardUITests.swift */ = {isa = PBXFileReference; lastKnownFileType = sourcecode.swift; path = NSDashboardUITests.swift; sourceTree = "<group>"; };
		5B490C571E520EB000EACF13 /* Info.plist */ = {isa = PBXFileReference; lastKnownFileType = text.plist.xml; path = Info.plist; sourceTree = "<group>"; };
		5B490C631E52147600EACF13 /* GoogleService-Info.plist */ = {isa = PBXFileReference; fileEncoding = 4; lastKnownFileType = text.plist.xml; path = "GoogleService-Info.plist"; sourceTree = "<group>"; };
		5D21E5C8189AD13E8A7DF411 /* Pods_NSDashboard.framework */ = {isa = PBXFileReference; explicitFileType = wrapper.framework; includeInIndex = 0; path = Pods_NSDashboard.framework; sourceTree = BUILT_PRODUCTS_DIR; };
		8D5F1B51C46831684B504778 /* Pods-NSDashboardUITests.release.xcconfig */ = {isa = PBXFileReference; includeInIndex = 1; lastKnownFileType = text.xcconfig; name = "Pods-NSDashboardUITests.release.xcconfig"; path = "Pods/Target Support Files/Pods-NSDashboardUITests/Pods-NSDashboardUITests.release.xcconfig"; sourceTree = "<group>"; };
		958C2F3DEB74CCACDE689D71 /* Pods_NSDashboardTests.framework */ = {isa = PBXFileReference; explicitFileType = wrapper.framework; includeInIndex = 0; path = Pods_NSDashboardTests.framework; sourceTree = BUILT_PRODUCTS_DIR; };
		9F9A1243E6CBC8D14646D7A2 /* Pods-NSDashboardUITests.debug.xcconfig */ = {isa = PBXFileReference; includeInIndex = 1; lastKnownFileType = text.xcconfig; name = "Pods-NSDashboardUITests.debug.xcconfig"; path = "Pods/Target Support Files/Pods-NSDashboardUITests/Pods-NSDashboardUITests.debug.xcconfig"; sourceTree = "<group>"; };
		C04C4BAF5DCCDD065045EBDE /* Pods-NSDashboardTests.release.xcconfig */ = {isa = PBXFileReference; includeInIndex = 1; lastKnownFileType = text.xcconfig; name = "Pods-NSDashboardTests.release.xcconfig"; path = "Pods/Target Support Files/Pods-NSDashboardTests/Pods-NSDashboardTests.release.xcconfig"; sourceTree = "<group>"; };
		C1BED3FB47903B220BC5E81C /* Pods_NSDashboardUITests.framework */ = {isa = PBXFileReference; explicitFileType = wrapper.framework; includeInIndex = 0; path = Pods_NSDashboardUITests.framework; sourceTree = BUILT_PRODUCTS_DIR; };
		C76C7CB7434D56944BCE00C2 /* Pods-NSDashboardTests.debug.xcconfig */ = {isa = PBXFileReference; includeInIndex = 1; lastKnownFileType = text.xcconfig; name = "Pods-NSDashboardTests.debug.xcconfig"; path = "Pods/Target Support Files/Pods-NSDashboardTests/Pods-NSDashboardTests.debug.xcconfig"; sourceTree = "<group>"; };
/* End PBXFileReference section */

/* Begin PBXFrameworksBuildPhase section */
		5B490C2F1E520EB000EACF13 /* Frameworks */ = {
			isa = PBXFrameworksBuildPhase;
			buildActionMask = 2147483647;
			files = (
				54E2E496EFE4E3D6E592D036 /* Pods_NSDashboard.framework in Frameworks */,
			);
			runOnlyForDeploymentPostprocessing = 0;
		};
		5B490C431E520EB000EACF13 /* Frameworks */ = {
			isa = PBXFrameworksBuildPhase;
			buildActionMask = 2147483647;
			files = (
				6D9E46926F2EA51B88394728 /* Pods_NSDashboardTests.framework in Frameworks */,
			);
			runOnlyForDeploymentPostprocessing = 0;
		};
		5B490C4E1E520EB000EACF13 /* Frameworks */ = {
			isa = PBXFrameworksBuildPhase;
			buildActionMask = 2147483647;
			files = (
				10C21A61191566AE88ECB57A /* Pods_NSDashboardUITests.framework in Frameworks */,
			);
			runOnlyForDeploymentPostprocessing = 0;
		};
/* End PBXFrameworksBuildPhase section */

/* Begin PBXGroup section */
		316F4BC29493CC51FFE8314A /* Pods */ = {
			isa = PBXGroup;
			children = (
				2CCA9C9E1B4925B7C1BF7DAA /* Pods-NSDashboard.debug.xcconfig */,
				0C50246C376018E22524E242 /* Pods-NSDashboard.release.xcconfig */,
				C76C7CB7434D56944BCE00C2 /* Pods-NSDashboardTests.debug.xcconfig */,
				C04C4BAF5DCCDD065045EBDE /* Pods-NSDashboardTests.release.xcconfig */,
				9F9A1243E6CBC8D14646D7A2 /* Pods-NSDashboardUITests.debug.xcconfig */,
				8D5F1B51C46831684B504778 /* Pods-NSDashboardUITests.release.xcconfig */,
			);
			name = Pods;
			sourceTree = "<group>";
		};
		5B490C291E520EB000EACF13 = {
			isa = PBXGroup;
			children = (
				5B490C341E520EB000EACF13 /* NSDashboard */,
				5B490C491E520EB000EACF13 /* NSDashboardTests */,
				5B490C541E520EB000EACF13 /* NSDashboardUITests */,
				5B490C331E520EB000EACF13 /* Products */,
				316F4BC29493CC51FFE8314A /* Pods */,
				B0207C943535B7BC2E1EA7E8 /* Frameworks */,
			);
			sourceTree = "<group>";
		};
		5B490C331E520EB000EACF13 /* Products */ = {
			isa = PBXGroup;
			children = (
				5B490C321E520EB000EACF13 /* NSDashboard.app */,
				5B490C461E520EB000EACF13 /* NSDashboardTests.xctest */,
				5B490C511E520EB000EACF13 /* NSDashboardUITests.xctest */,
			);
			name = Products;
			sourceTree = "<group>";
		};
		5B490C341E520EB000EACF13 /* NSDashboard */ = {
			isa = PBXGroup;
			children = (
				5B490C351E520EB000EACF13 /* AppDelegate.swift */,
				5B490C371E520EB000EACF13 /* ViewController.swift */,
				5B490C391E520EB000EACF13 /* Main.storyboard */,
				5B490C3C1E520EB000EACF13 /* Assets.xcassets */,
				5B490C3E1E520EB000EACF13 /* LaunchScreen.storyboard */,
				5B490C411E520EB000EACF13 /* Info.plist */,
				5B490C631E52147600EACF13 /* GoogleService-Info.plist */,
			);
			path = NSDashboard;
			sourceTree = "<group>";
		};
		5B490C491E520EB000EACF13 /* NSDashboardTests */ = {
			isa = PBXGroup;
			children = (
				5B490C4A1E520EB000EACF13 /* NSDashboardTests.swift */,
				5B490C4C1E520EB000EACF13 /* Info.plist */,
			);
			path = NSDashboardTests;
			sourceTree = "<group>";
		};
		5B490C541E520EB000EACF13 /* NSDashboardUITests */ = {
			isa = PBXGroup;
			children = (
				5B490C551E520EB000EACF13 /* NSDashboardUITests.swift */,
				5B490C571E520EB000EACF13 /* Info.plist */,
			);
			path = NSDashboardUITests;
			sourceTree = "<group>";
		};
		B0207C943535B7BC2E1EA7E8 /* Frameworks */ = {
			isa = PBXGroup;
			children = (
				5D21E5C8189AD13E8A7DF411 /* Pods_NSDashboard.framework */,
				958C2F3DEB74CCACDE689D71 /* Pods_NSDashboardTests.framework */,
				C1BED3FB47903B220BC5E81C /* Pods_NSDashboardUITests.framework */,
			);
			name = Frameworks;
			sourceTree = "<group>";
		};
/* End PBXGroup section */

/* Begin PBXNativeTarget section */
		5B490C311E520EB000EACF13 /* NSDashboard */ = {
			isa = PBXNativeTarget;
			buildConfigurationList = 5B490C5A1E520EB000EACF13 /* Build configuration list for PBXNativeTarget "NSDashboard" */;
			buildPhases = (
				AF4C88100CE308286EC1ECF6 /* [CP] Check Pods Manifest.lock */,
				5B490C2E1E520EB000EACF13 /* Sources */,
				5B490C2F1E520EB000EACF13 /* Frameworks */,
				5B490C301E520EB000EACF13 /* Resources */,
				283A17B905929B161344DE6C /* [CP] Embed Pods Frameworks */,
				58433874AF541F4D337A8536 /* [CP] Copy Pods Resources */,
			);
			buildRules = (
			);
			dependencies = (
			);
			name = NSDashboard;
			productName = NSDashboard;
			productReference = 5B490C321E520EB000EACF13 /* NSDashboard.app */;
			productType = "com.apple.product-type.application";
		};
		5B490C451E520EB000EACF13 /* NSDashboardTests */ = {
			isa = PBXNativeTarget;
			buildConfigurationList = 5B490C5D1E520EB000EACF13 /* Build configuration list for PBXNativeTarget "NSDashboardTests" */;
			buildPhases = (
				DB7C2CFBB1147424EDDFB3C4 /* [CP] Check Pods Manifest.lock */,
				5B490C421E520EB000EACF13 /* Sources */,
				5B490C431E520EB000EACF13 /* Frameworks */,
				5B490C441E520EB000EACF13 /* Resources */,
				EEB1F5F5E057FC8B16A2D583 /* [CP] Embed Pods Frameworks */,
				1AB047724C6A4E2D7CBDBE2D /* [CP] Copy Pods Resources */,
			);
			buildRules = (
			);
			dependencies = (
				5B490C481E520EB000EACF13 /* PBXTargetDependency */,
			);
			name = NSDashboardTests;
			productName = NSDashboardTests;
			productReference = 5B490C461E520EB000EACF13 /* NSDashboardTests.xctest */;
			productType = "com.apple.product-type.bundle.unit-test";
		};
		5B490C501E520EB000EACF13 /* NSDashboardUITests */ = {
			isa = PBXNativeTarget;
			buildConfigurationList = 5B490C601E520EB000EACF13 /* Build configuration list for PBXNativeTarget "NSDashboardUITests" */;
			buildPhases = (
				3D11E893A2D3BA7B0DA01BBB /* [CP] Check Pods Manifest.lock */,
				5B490C4D1E520EB000EACF13 /* Sources */,
				5B490C4E1E520EB000EACF13 /* Frameworks */,
				5B490C4F1E520EB000EACF13 /* Resources */,
				584153FA3B7C73270D6B1F77 /* [CP] Embed Pods Frameworks */,
				2E4BAC6B30FA4C502F207007 /* [CP] Copy Pods Resources */,
			);
			buildRules = (
			);
			dependencies = (
				5B490C531E520EB000EACF13 /* PBXTargetDependency */,
			);
			name = NSDashboardUITests;
			productName = NSDashboardUITests;
			productReference = 5B490C511E520EB000EACF13 /* NSDashboardUITests.xctest */;
			productType = "com.apple.product-type.bundle.ui-testing";
		};
/* End PBXNativeTarget section */

/* Begin PBXProject section */
		5B490C2A1E520EB000EACF13 /* Project object */ = {
			isa = PBXProject;
			attributes = {
				LastSwiftUpdateCheck = 0810;
				LastUpgradeCheck = 0810;
				ORGANIZATIONNAME = "José Eduardo Vieira Morango";
				TargetAttributes = {
					5B490C311E520EB000EACF13 = {
						CreatedOnToolsVersion = 8.1;
						DevelopmentTeam = 89W7776J34;
						ProvisioningStyle = Automatic;
					};
					5B490C451E520EB000EACF13 = {
						CreatedOnToolsVersion = 8.1;
						DevelopmentTeam = 89W7776J34;
						ProvisioningStyle = Automatic;
						TestTargetID = 5B490C311E520EB000EACF13;
					};
					5B490C501E520EB000EACF13 = {
						CreatedOnToolsVersion = 8.1;
						DevelopmentTeam = 89W7776J34;
						ProvisioningStyle = Automatic;
						TestTargetID = 5B490C311E520EB000EACF13;
					};
				};
			};
			buildConfigurationList = 5B490C2D1E520EB000EACF13 /* Build configuration list for PBXProject "NSDashboard" */;
			compatibilityVersion = "Xcode 3.2";
			developmentRegion = English;
			hasScannedForEncodings = 0;
			knownRegions = (
				en,
				Base,
			);
			mainGroup = 5B490C291E520EB000EACF13;
			productRefGroup = 5B490C331E520EB000EACF13 /* Products */;
			projectDirPath = "";
			projectRoot = "";
			targets = (
				5B490C311E520EB000EACF13 /* NSDashboard */,
				5B490C451E520EB000EACF13 /* NSDashboardTests */,
				5B490C501E520EB000EACF13 /* NSDashboardUITests */,
			);
		};
/* End PBXProject section */

/* Begin PBXResourcesBuildPhase section */
		5B490C301E520EB000EACF13 /* Resources */ = {
			isa = PBXResourcesBuildPhase;
			buildActionMask = 2147483647;
			files = (
				5B490C401E520EB000EACF13 /* LaunchScreen.storyboard in Resources */,
				5B490C641E52147600EACF13 /* GoogleService-Info.plist in Resources */,
				5B490C3D1E520EB000EACF13 /* Assets.xcassets in Resources */,
				5B490C3B1E520EB000EACF13 /* Main.storyboard in Resources */,
			);
			runOnlyForDeploymentPostprocessing = 0;
		};
		5B490C441E520EB000EACF13 /* Resources */ = {
			isa = PBXResourcesBuildPhase;
			buildActionMask = 2147483647;
			files = (
				5B490C651E52147600EACF13 /* GoogleService-Info.plist in Resources */,
			);
			runOnlyForDeploymentPostprocessing = 0;
		};
		5B490C4F1E520EB000EACF13 /* Resources */ = {
			isa = PBXResourcesBuildPhase;
			buildActionMask = 2147483647;
			files = (
				5B490C661E52147600EACF13 /* GoogleService-Info.plist in Resources */,
			);
			runOnlyForDeploymentPostprocessing = 0;
		};
/* End PBXResourcesBuildPhase section */

/* Begin PBXShellScriptBuildPhase section */
		1AB047724C6A4E2D7CBDBE2D /* [CP] Copy Pods Resources */ = {
			isa = PBXShellScriptBuildPhase;
			buildActionMask = 2147483647;
			files = (
			);
			inputPaths = (
			);
			name = "[CP] Copy Pods Resources";
			outputPaths = (
			);
			runOnlyForDeploymentPostprocessing = 0;
			shellPath = /bin/sh;
			shellScript = "\"${SRCROOT}/Pods/Target Support Files/Pods-NSDashboardTests/Pods-NSDashboardTests-resources.sh\"\n";
			showEnvVarsInLog = 0;
		};
		283A17B905929B161344DE6C /* [CP] Embed Pods Frameworks */ = {
			isa = PBXShellScriptBuildPhase;
			buildActionMask = 2147483647;
			files = (
			);
			inputPaths = (
			);
			name = "[CP] Embed Pods Frameworks";
			outputPaths = (
			);
			runOnlyForDeploymentPostprocessing = 0;
			shellPath = /bin/sh;
			shellScript = "\"${SRCROOT}/Pods/Target Support Files/Pods-NSDashboard/Pods-NSDashboard-frameworks.sh\"\n";
			showEnvVarsInLog = 0;
		};
		2E4BAC6B30FA4C502F207007 /* [CP] Copy Pods Resources */ = {
			isa = PBXShellScriptBuildPhase;
			buildActionMask = 2147483647;
			files = (
			);
			inputPaths = (
			);
			name = "[CP] Copy Pods Resources";
			outputPaths = (
			);
			runOnlyForDeploymentPostprocessing = 0;
			shellPath = /bin/sh;
			shellScript = "\"${SRCROOT}/Pods/Target Support Files/Pods-NSDashboardUITests/Pods-NSDashboardUITests-resources.sh\"\n";
			showEnvVarsInLog = 0;
		};
		3D11E893A2D3BA7B0DA01BBB /* [CP] Check Pods Manifest.lock */ = {
			isa = PBXShellScriptBuildPhase;
			buildActionMask = 2147483647;
			files = (
			);
			inputPaths = (
			);
			name = "[CP] Check Pods Manifest.lock";
			outputPaths = (
			);
			runOnlyForDeploymentPostprocessing = 0;
			shellPath = /bin/sh;
			shellScript = "diff \"${PODS_ROOT}/../Podfile.lock\" \"${PODS_ROOT}/Manifest.lock\" > /dev/null\nif [ $? != 0 ] ; then\n    # print error to STDERR\n    echo \"error: The sandbox is not in sync with the Podfile.lock. Run 'pod install' or update your CocoaPods installation.\" >&2\n    exit 1\nfi\n";
			showEnvVarsInLog = 0;
		};
		584153FA3B7C73270D6B1F77 /* [CP] Embed Pods Frameworks */ = {
			isa = PBXShellScriptBuildPhase;
			buildActionMask = 2147483647;
			files = (
			);
			inputPaths = (
			);
			name = "[CP] Embed Pods Frameworks";
			outputPaths = (
			);
			runOnlyForDeploymentPostprocessing = 0;
			shellPath = /bin/sh;
			shellScript = "\"${SRCROOT}/Pods/Target Support Files/Pods-NSDashboardUITests/Pods-NSDashboardUITests-frameworks.sh\"\n";
			showEnvVarsInLog = 0;
		};
		58433874AF541F4D337A8536 /* [CP] Copy Pods Resources */ = {
			isa = PBXShellScriptBuildPhase;
			buildActionMask = 2147483647;
			files = (
			);
			inputPaths = (
			);
			name = "[CP] Copy Pods Resources";
			outputPaths = (
			);
			runOnlyForDeploymentPostprocessing = 0;
			shellPath = /bin/sh;
			shellScript = "\"${SRCROOT}/Pods/Target Support Files/Pods-NSDashboard/Pods-NSDashboard-resources.sh\"\n";
			showEnvVarsInLog = 0;
		};
		AF4C88100CE308286EC1ECF6 /* [CP] Check Pods Manifest.lock */ = {
			isa = PBXShellScriptBuildPhase;
			buildActionMask = 2147483647;
			files = (
			);
			inputPaths = (
			);
			name = "[CP] Check Pods Manifest.lock";
			outputPaths = (
			);
			runOnlyForDeploymentPostprocessing = 0;
			shellPath = /bin/sh;
			shellScript = "diff \"${PODS_ROOT}/../Podfile.lock\" \"${PODS_ROOT}/Manifest.lock\" > /dev/null\nif [ $? != 0 ] ; then\n    # print error to STDERR\n    echo \"error: The sandbox is not in sync with the Podfile.lock. Run 'pod install' or update your CocoaPods installation.\" >&2\n    exit 1\nfi\n";
			showEnvVarsInLog = 0;
		};
		DB7C2CFBB1147424EDDFB3C4 /* [CP] Check Pods Manifest.lock */ = {
			isa = PBXShellScriptBuildPhase;
			buildActionMask = 2147483647;
			files = (
			);
			inputPaths = (
			);
			name = "[CP] Check Pods Manifest.lock";
			outputPaths = (
			);
			runOnlyForDeploymentPostprocessing = 0;
			shellPath = /bin/sh;
			shellScript = "diff \"${PODS_ROOT}/../Podfile.lock\" \"${PODS_ROOT}/Manifest.lock\" > /dev/null\nif [ $? != 0 ] ; then\n    # print error to STDERR\n    echo \"error: The sandbox is not in sync with the Podfile.lock. Run 'pod install' or update your CocoaPods installation.\" >&2\n    exit 1\nfi\n";
			showEnvVarsInLog = 0;
		};
		EEB1F5F5E057FC8B16A2D583 /* [CP] Embed Pods Frameworks */ = {
			isa = PBXShellScriptBuildPhase;
			buildActionMask = 2147483647;
			files = (
			);
			inputPaths = (
			);
			name = "[CP] Embed Pods Frameworks";
			outputPaths = (
			);
			runOnlyForDeploymentPostprocessing = 0;
			shellPath = /bin/sh;
			shellScript = "\"${SRCROOT}/Pods/Target Support Files/Pods-NSDashboardTests/Pods-NSDashboardTests-frameworks.sh\"\n";
			showEnvVarsInLog = 0;
		};
/* End PBXShellScriptBuildPhase section */

/* Begin PBXSourcesBuildPhase section */
		5B490C2E1E520EB000EACF13 /* Sources */ = {
			isa = PBXSourcesBuildPhase;
			buildActionMask = 2147483647;
			files = (
				5B490C381E520EB000EACF13 /* ViewController.swift in Sources */,
				5B490C361E520EB000EACF13 /* AppDelegate.swift in Sources */,
			);
			runOnlyForDeploymentPostprocessing = 0;
		};
		5B490C421E520EB000EACF13 /* Sources */ = {
			isa = PBXSourcesBuildPhase;
			buildActionMask = 2147483647;
			files = (
				5B490C4B1E520EB000EACF13 /* NSDashboardTests.swift in Sources */,
			);
			runOnlyForDeploymentPostprocessing = 0;
		};
		5B490C4D1E520EB000EACF13 /* Sources */ = {
			isa = PBXSourcesBuildPhase;
			buildActionMask = 2147483647;
			files = (
				5B490C561E520EB000EACF13 /* NSDashboardUITests.swift in Sources */,
			);
			runOnlyForDeploymentPostprocessing = 0;
		};
/* End PBXSourcesBuildPhase section */

/* Begin PBXTargetDependency section */
		5B490C481E520EB000EACF13 /* PBXTargetDependency */ = {
			isa = PBXTargetDependency;
			target = 5B490C311E520EB000EACF13 /* NSDashboard */;
			targetProxy = 5B490C471E520EB000EACF13 /* PBXContainerItemProxy */;
		};
		5B490C531E520EB000EACF13 /* PBXTargetDependency */ = {
			isa = PBXTargetDependency;
			target = 5B490C311E520EB000EACF13 /* NSDashboard */;
			targetProxy = 5B490C521E520EB000EACF13 /* PBXContainerItemProxy */;
		};
/* End PBXTargetDependency section */

/* Begin PBXVariantGroup section */
		5B490C391E520EB000EACF13 /* Main.storyboard */ = {
			isa = PBXVariantGroup;
			children = (
				5B490C3A1E520EB000EACF13 /* Base */,
			);
			name = Main.storyboard;
			sourceTree = "<group>";
		};
		5B490C3E1E520EB000EACF13 /* LaunchScreen.storyboard */ = {
			isa = PBXVariantGroup;
			children = (
				5B490C3F1E520EB000EACF13 /* Base */,
			);
			name = LaunchScreen.storyboard;
			sourceTree = "<group>";
		};
/* End PBXVariantGroup section */

/* Begin XCBuildConfiguration section */
		5B490C581E520EB000EACF13 /* Debug */ = {
			isa = XCBuildConfiguration;
			buildSettings = {
				ALWAYS_SEARCH_USER_PATHS = NO;
				CLANG_ANALYZER_NONNULL = YES;
				CLANG_CXX_LANGUAGE_STANDARD = "gnu++0x";
				CLANG_CXX_LIBRARY = "libc++";
				CLANG_ENABLE_MODULES = YES;
				CLANG_ENABLE_OBJC_ARC = YES;
				CLANG_WARN_BOOL_CONVERSION = YES;
				CLANG_WARN_CONSTANT_CONVERSION = YES;
				CLANG_WARN_DIRECT_OBJC_ISA_USAGE = YES_ERROR;
				CLANG_WARN_DOCUMENTATION_COMMENTS = YES;
				CLANG_WARN_EMPTY_BODY = YES;
				CLANG_WARN_ENUM_CONVERSION = YES;
				CLANG_WARN_INFINITE_RECURSION = YES;
				CLANG_WARN_INT_CONVERSION = YES;
				CLANG_WARN_OBJC_ROOT_CLASS = YES_ERROR;
				CLANG_WARN_SUSPICIOUS_MOVES = YES;
				CLANG_WARN_UNREACHABLE_CODE = YES;
				CLANG_WARN__DUPLICATE_METHOD_MATCH = YES;
				"CODE_SIGN_IDENTITY[sdk=iphoneos*]" = "iPhone Developer";
				COPY_PHASE_STRIP = NO;
				DEBUG_INFORMATION_FORMAT = dwarf;
				ENABLE_STRICT_OBJC_MSGSEND = YES;
				ENABLE_TESTABILITY = YES;
				GCC_C_LANGUAGE_STANDARD = gnu99;
				GCC_DYNAMIC_NO_PIC = NO;
				GCC_NO_COMMON_BLOCKS = YES;
				GCC_OPTIMIZATION_LEVEL = 0;
				GCC_PREPROCESSOR_DEFINITIONS = (
					"DEBUG=1",
					"$(inherited)",
				);
				GCC_WARN_64_TO_32_BIT_CONVERSION = YES;
				GCC_WARN_ABOUT_RETURN_TYPE = YES_ERROR;
				GCC_WARN_UNDECLARED_SELECTOR = YES;
				GCC_WARN_UNINITIALIZED_AUTOS = YES_AGGRESSIVE;
				GCC_WARN_UNUSED_FUNCTION = YES;
				GCC_WARN_UNUSED_VARIABLE = YES;
				IPHONEOS_DEPLOYMENT_TARGET = 10.1;
				MTL_ENABLE_DEBUG_INFO = YES;
				ONLY_ACTIVE_ARCH = YES;
				SDKROOT = iphoneos;
				SWIFT_ACTIVE_COMPILATION_CONDITIONS = DEBUG;
				SWIFT_OPTIMIZATION_LEVEL = "-Onone";
				TARGETED_DEVICE_FAMILY = "1,2";
			};
			name = Debug;
		};
		5B490C591E520EB000EACF13 /* Release */ = {
			isa = XCBuildConfiguration;
			buildSettings = {
				ALWAYS_SEARCH_USER_PATHS = NO;
				CLANG_ANALYZER_NONNULL = YES;
				CLANG_CXX_LANGUAGE_STANDARD = "gnu++0x";
				CLANG_CXX_LIBRARY = "libc++";
				CLANG_ENABLE_MODULES = YES;
				CLANG_ENABLE_OBJC_ARC = YES;
				CLANG_WARN_BOOL_CONVERSION = YES;
				CLANG_WARN_CONSTANT_CONVERSION = YES;
				CLANG_WARN_DIRECT_OBJC_ISA_USAGE = YES_ERROR;
				CLANG_WARN_DOCUMENTATION_COMMENTS = YES;
				CLANG_WARN_EMPTY_BODY = YES;
				CLANG_WARN_ENUM_CONVERSION = YES;
				CLANG_WARN_INFINITE_RECURSION = YES;
				CLANG_WARN_INT_CONVERSION = YES;
				CLANG_WARN_OBJC_ROOT_CLASS = YES_ERROR;
				CLANG_WARN_SUSPICIOUS_MOVES = YES;
				CLANG_WARN_UNREACHABLE_CODE = YES;
				CLANG_WARN__DUPLICATE_METHOD_MATCH = YES;
				"CODE_SIGN_IDENTITY[sdk=iphoneos*]" = "iPhone Developer";
				COPY_PHASE_STRIP = NO;
				DEBUG_INFORMATION_FORMAT = "dwarf-with-dsym";
				ENABLE_NS_ASSERTIONS = NO;
				ENABLE_STRICT_OBJC_MSGSEND = YES;
				GCC_C_LANGUAGE_STANDARD = gnu99;
				GCC_NO_COMMON_BLOCKS = YES;
				GCC_WARN_64_TO_32_BIT_CONVERSION = YES;
				GCC_WARN_ABOUT_RETURN_TYPE = YES_ERROR;
				GCC_WARN_UNDECLARED_SELECTOR = YES;
				GCC_WARN_UNINITIALIZED_AUTOS = YES_AGGRESSIVE;
				GCC_WARN_UNUSED_FUNCTION = YES;
				GCC_WARN_UNUSED_VARIABLE = YES;
				IPHONEOS_DEPLOYMENT_TARGET = 10.1;
				MTL_ENABLE_DEBUG_INFO = NO;
				SDKROOT = iphoneos;
				SWIFT_OPTIMIZATION_LEVEL = "-Owholemodule";
				TARGETED_DEVICE_FAMILY = "1,2";
				VALIDATE_PRODUCT = YES;
			};
			name = Release;
		};
		5B490C5B1E520EB000EACF13 /* Debug */ = {
			isa = XCBuildConfiguration;
			baseConfigurationReference = 2CCA9C9E1B4925B7C1BF7DAA /* Pods-NSDashboard.debug.xcconfig */;
			buildSettings = {
				ASSETCATALOG_COMPILER_APPICON_NAME = AppIcon;
				DEVELOPMENT_TEAM = 89W7776J34;
				INFOPLIST_FILE = NSDashboard/Info.plist;
				LD_RUNPATH_SEARCH_PATHS = "$(inherited) @executable_path/Frameworks";
				PRODUCT_BUNDLE_IDENTIFIER = com.edvmorango.NSDashboard;
				PRODUCT_NAME = "$(TARGET_NAME)";
				SWIFT_VERSION = 3.0;
			};
			name = Debug;
		};
		5B490C5C1E520EB000EACF13 /* Release */ = {
			isa = XCBuildConfiguration;
			baseConfigurationReference = 0C50246C376018E22524E242 /* Pods-NSDashboard.release.xcconfig */;
			buildSettings = {
				ASSETCATALOG_COMPILER_APPICON_NAME = AppIcon;
				DEVELOPMENT_TEAM = 89W7776J34;
				INFOPLIST_FILE = NSDashboard/Info.plist;
				LD_RUNPATH_SEARCH_PATHS = "$(inherited) @executable_path/Frameworks";
				PRODUCT_BUNDLE_IDENTIFIER = com.edvmorango.NSDashboard;
				PRODUCT_NAME = "$(TARGET_NAME)";
				SWIFT_VERSION = 3.0;
			};
			name = Release;
		};
		5B490C5E1E520EB000EACF13 /* Debug */ = {
			isa = XCBuildConfiguration;
			baseConfigurationReference = C76C7CB7434D56944BCE00C2 /* Pods-NSDashboardTests.debug.xcconfig */;
			buildSettings = {
				ALWAYS_EMBED_SWIFT_STANDARD_LIBRARIES = YES;
				BUNDLE_LOADER = "$(TEST_HOST)";
				DEVELOPMENT_TEAM = 89W7776J34;
				INFOPLIST_FILE = NSDashboardTests/Info.plist;
				LD_RUNPATH_SEARCH_PATHS = "$(inherited) @executable_path/Frameworks @loader_path/Frameworks";
				PRODUCT_BUNDLE_IDENTIFIER = com.edvmorango.NSDashboardTests;
				PRODUCT_NAME = "$(TARGET_NAME)";
				SWIFT_VERSION = 3.0;
				TEST_HOST = "$(BUILT_PRODUCTS_DIR)/NSDashboard.app/NSDashboard";
			};
			name = Debug;
		};
		5B490C5F1E520EB000EACF13 /* Release */ = {
			isa = XCBuildConfiguration;
			baseConfigurationReference = C04C4BAF5DCCDD065045EBDE /* Pods-NSDashboardTests.release.xcconfig */;
			buildSettings = {
				ALWAYS_EMBED_SWIFT_STANDARD_LIBRARIES = YES;
				BUNDLE_LOADER = "$(TEST_HOST)";
				DEVELOPMENT_TEAM = 89W7776J34;
				INFOPLIST_FILE = NSDashboardTests/Info.plist;
				LD_RUNPATH_SEARCH_PATHS = "$(inherited) @executable_path/Frameworks @loader_path/Frameworks";
				PRODUCT_BUNDLE_IDENTIFIER = com.edvmorango.NSDashboardTests;
				PRODUCT_NAME = "$(TARGET_NAME)";
				SWIFT_VERSION = 3.0;
				TEST_HOST = "$(BUILT_PRODUCTS_DIR)/NSDashboard.app/NSDashboard";
			};
			name = Release;
		};
		5B490C611E520EB000EACF13 /* Debug */ = {
			isa = XCBuildConfiguration;
			baseConfigurationReference = 9F9A1243E6CBC8D14646D7A2 /* Pods-NSDashboardUITests.debug.xcconfig */;
			buildSettings = {
				ALWAYS_EMBED_SWIFT_STANDARD_LIBRARIES = YES;
				DEVELOPMENT_TEAM = 89W7776J34;
				INFOPLIST_FILE = NSDashboardUITests/Info.plist;
				LD_RUNPATH_SEARCH_PATHS = "$(inherited) @executable_path/Frameworks @loader_path/Frameworks";
				PRODUCT_BUNDLE_IDENTIFIER = com.edvmorango.NSDashboardUITests;
				PRODUCT_NAME = "$(TARGET_NAME)";
				SWIFT_VERSION = 3.0;
				TEST_TARGET_NAME = NSDashboard;
			};
			name = Debug;
		};
		5B490C621E520EB000EACF13 /* Release */ = {
			isa = XCBuildConfiguration;
			baseConfigurationReference = 8D5F1B51C46831684B504778 /* Pods-NSDashboardUITests.release.xcconfig */;
			buildSettings = {
				ALWAYS_EMBED_SWIFT_STANDARD_LIBRARIES = YES;
				DEVELOPMENT_TEAM = 89W7776J34;
				INFOPLIST_FILE = NSDashboardUITests/Info.plist;
				LD_RUNPATH_SEARCH_PATHS = "$(inherited) @executable_path/Frameworks @loader_path/Frameworks";
				PRODUCT_BUNDLE_IDENTIFIER = com.edvmorango.NSDashboardUITests;
				PRODUCT_NAME = "$(TARGET_NAME)";
				SWIFT_VERSION = 3.0;
				TEST_TARGET_NAME = NSDashboard;
			};
			name = Release;
		};
/* End XCBuildConfiguration section */

/* Begin XCConfigurationList section */
		5B490C2D1E520EB000EACF13 /* Build configuration list for PBXProject "NSDashboard" */ = {
			isa = XCConfigurationList;
			buildConfigurations = (
				5B490C581E520EB000EACF13 /* Debug */,
				5B490C591E520EB000EACF13 /* Release */,
			);
			defaultConfigurationIsVisible = 0;
			defaultConfigurationName = Release;
		};
		5B490C5A1E520EB000EACF13 /* Build configuration list for PBXNativeTarget "NSDashboard" */ = {
			isa = XCConfigurationList;
			buildConfigurations = (
				5B490C5B1E520EB000EACF13 /* Debug */,
				5B490C5C1E520EB000EACF13 /* Release */,
			);
			defaultConfigurationIsVisible = 0;
		};
		5B490C5D1E520EB000EACF13 /* Build configuration list for PBXNativeTarget "NSDashboardTests" */ = {
			isa = XCConfigurationList;
			buildConfigurations = (
				5B490C5E1E520EB000EACF13 /* Debug */,
				5B490C5F1E520EB000EACF13 /* Release */,
			);
			defaultConfigurationIsVisible = 0;
		};
		5B490C601E520EB000EACF13 /* Build configuration list for PBXNativeTarget "NSDashboardUITests" */ = {
			isa = XCConfigurationList;
			buildConfigurations = (
				5B490C611E520EB000EACF13 /* Debug */,
				5B490C621E520EB000EACF13 /* Release */,
			);
			defaultConfigurationIsVisible = 0;
		};
/* End XCConfigurationList section */
	};
	rootObject = 5B490C2A1E520EB000EACF13 /* Project object */;
}
